{
  "name": "release-tools",
  "lockfileVersion": 3,
  "requires": true,
  "packages": {
    "": {
      "name": "release-tools",
      "dependencies": {
        "pe-library": "^1.0.1",
        "png-to-ico": "^2.1.8",
        "resedit": "^2.0.3"
      }
    },
    "node_modules/@types/node": {
      "version": "17.0.45",
      "resolved": "https://registry.npmjs.org/@types/node/-/node-17.0.45.tgz",
      "integrity": "sha512-w+tIMs3rq2afQdsPJlODhoUEKzFP1ayaoyl1CcnwtIlsVe7K7bA1NGm4s3PraqTLlXnbIN84zuBlxBWo1u9BLw==",
      "license": "MIT"
    },
    "node_modules/minimist": {
      "version": "1.2.8",
      "resolved": "https://registry.npmjs.org/minimist/-/minimist-1.2.8.tgz",
      "integrity": "sha512-2yyAR8qBkN3YuheJanUpWC5U3bb5osDywNB8RzDVlDwDHbocAJveqqj1u8+SVD7jkWT4yvsHCpWqqWqAxb0zCA==",
      "license": "MIT",
      "funding": {
        "url": "https://github.com/sponsors/ljharb"
      }
    },
    "node_modules/pe-library": {
      "version": "1.0.1",
      "resolved": "https://registry.npmjs.org/pe-library/-/pe-library-1.0.1.tgz",
      "integrity": "sha512-nh39Mo1eGWmZS7y+mK/dQIqg7S1lp38DpRxkyoHf0ZcUs/HDc+yyTjuOtTvSMZHmfSLuSQaX945u05Y2Q6UWZg==",
      "license": "MIT",
      "engines": {
        "node": ">=14",
        "npm": ">=7"
      },
      "funding": {
        "type": "github",
        "url": "https://github.com/sponsors/jet2jet"
      }
    },
    "node_modules/png-to-ico": {
      "version": "2.1.8",
      "resolved": "https://registry.npmjs.org/png-to-ico/-/png-to-ico-2.1.8.tgz",
      "integrity": "sha512-Nf+IIn/cZ/DIZVdGveJp86NG5uNib1ZXMiDd/8x32HCTeKSvgpyg6D/6tUBn1QO/zybzoMK0/mc3QRgAyXdv9w==",
      "license": "MIT",
      "dependencies": {
        "@types/node": "^17.0.36",
        "minimist": "^1.2.6",
        "pngjs": "^6.0.0"
      },
      "bin": {
        "png-to-ico": "bin/cli.js"
      },
      "engines": {
        "node": ">=8"
      }
    },
    "node_modules/pngjs": {
      "version": "6.0.0",
      "resolved": "https://registry.npmjs.org/pngjs/-/pngjs-6.0.0.tgz",
      "integrity": "sha512-TRzzuFRRmEoSW/p1KVAmiOgPco2Irlah+bGFCeNfJXxxYGwSw7YwAOAcd7X28K/m5bjBWKsC29KyoMfHbypayg==",
      "license": "MIT",
      "engines": {
        "node": ">=12.13.0"
      }
    },
    "node_modules/resedit": {
      "version": "2.0.3",
      "resolved": "https://registry.npmjs.org/resedit/-/resedit-2.0.3.tgz",
      "integrity": "sha512-oTeemxwoMuxxTYxXUwjkrOPfngTQehlv0/HoYFNkB4uzsP1Un1A9nI8JQKGOFkxpqkC7qkMs0lUsGrvUlbLNUA==",
      "license": "MIT",
      "dependencies": {
        "pe-library": "^1.0.1"
      },
      "engines": {
        "node": ">=14",
        "npm": ">=7"
      },
      "funding": {
        "type": "github",
        "url": "https://github.com/sponsors/jet2jet"
      }
    }
  }
}
